{
  "name": "project",
  "version": "1.0.0",
  "lockfileVersion": 1,
  "requires": true,
  "dependencies": {
    "array-each": {
      "version": "1.0.1",
      "resolved": "http://registry.npm.taobao.org/array-each/download/array-each-1.0.1.tgz",
      "integrity": "sha512-zHjL5SZa68hkKHBFBK6DJCTtr9sfTCPCaph/L7tMSLcTFgy+zX7E+6q5UArbtOtMBCtxdICpfTCspRse+ywyXA=="
    },
    "assign-symbols": {
      "version": "1.0.0",
      "resolved": "http://registry.npm.taobao.org/assign-symbols/download/assign-symbols-1.0.0.tgz",
      "integrity": "sha1-WWZ/QfrdTyDMvCu5a41Pf3jsA2c="
    },
    "commander": {
      "version": "2.17.1",
      "resolved": "http://registry.npm.taobao.org/commander/download/commander-2.17.1.tgz",
      "integrity": "sha1-vXerfebelCBc6sxy8XFtKfIKd78="
    },
    "core-util-is": {
      "version": "1.0.2",
      "resolved": "http://registry.npm.taobao.org/core-util-is/download/core-util-is-1.0.2.tgz",
      "integrity": "sha512-3lqz5YjWTYnW6dlDa5TLaTCcShfar1e40rmcJVwCBJC6mWlFuj0eCHIElmG1g5kyuJ/GD+8Wn4FFCcz4gJPfaQ=="
    },
    "extend-shallow": {
      "version": "3.0.2",
      "resolved": "http://registry.npm.taobao.org/extend-shallow/download/extend-shallow-3.0.2.tgz",
      "integrity": "sha1-Jqcarwc7OfshJxcnRhMcJwQCjbg=",
      "requires": {
        "assign-symbols": "^1.0.0",
        "is-extendable": "^1.0.1"
      },
      "dependencies": {
        "is-extendable": {
          "version": "1.0.1",
          "resolved": "http://registry.npm.taobao.org/is-extendable/download/is-extendable-1.0.1.tgz",
          "integrity": "sha1-p0cPnkJnM9gb2B4RVSZOOjUHyrQ=",
          "requires": {
            "is-plain-object": "^2.0.4"
          }
        }
      }
    },
    "glogg": {
      "version": "1.0.2",
      "resolved": "http://registry.npm.taobao.org/glogg/download/glogg-1.0.2.tgz",
      "integrity": "sha512-5mwUoSuBk44Y4EshyiqcH95ZntbDdTQqA3QYSrxmzj28Ai0vXBGMH1ApSANH14j2sIRtqCEyg6PfsuP7ElOEDA==",
      "requires": {
        "sparkles": "^1.0.0"
      }
    },
    "gulp-rename": {
      "version": "1.4.0",
      "resolved": "http://registry.npm.taobao.org/gulp-rename/download/gulp-rename-1.4.0.tgz",
      "integrity": "sha1-3hxxjnxAla6GH3KW708ySGSCQL0="
    },
    "gulp-uglify": {
      "version": "3.0.2",
      "resolved": "http://registry.npm.taobao.org/gulp-uglify/download/gulp-uglify-3.0.2.tgz",
      "integrity": "sha1-X1sugzf4ecqd7Jcf6xuCpah4ULA=",
      "requires": {
        "array-each": "^1.0.1",
        "extend-shallow": "^3.0.2",
        "gulplog": "^1.0.0",
        "has-gulplog": "^0.1.0",
        "isobject": "^3.0.1",
        "make-error-cause": "^1.1.1",
        "safe-buffer": "^5.1.2",
        "through2": "^2.0.0",
        "uglify-js": "^3.0.5",
        "vinyl-sourcemaps-apply": "^0.2.0"
      }
    },
    "gulplog": {
      "version": "1.0.0",
      "resolved": "http://registry.npm.taobao.org/gulplog/download/gulplog-1.0.0.tgz",
      "integrity": "sha1-4oxNRdBey77YGDY86PnFkmIp/+U=",
      "requires": {
        "glogg": "^1.0.0"
      }
    },
    "has-gulplog": {
      "version": "0.1.0",
      "resolved": "http://registry.npm.taobao.org/has-gulplog/download/has-gulplog-0.1.0.tgz",
      "integrity": "sha1-ZBTIKRNpfaUVkDl9r7EvIpZ4Ec4=",
      "requires": {
        "sparkles": "^1.0.0"
      }
    },
    "inherits": {
      "version": "2.0.3",
      "resolved": "http://registry.npm.taobao.org/inherits/download/inherits-2.0.3.tgz",
      "integrity": "sha1-Yzwsg+PaQqUC9SRmAiSA9CCCYd4="
    },
    "is-plain-object": {
      "version": "2.0.4",
      "resolved": "http://registry.npm.taobao.org/is-plain-object/download/is-plain-object-2.0.4.tgz",
      "requires": {
        "isobject": "^3.0.1"
      }
    },
    "isarray": {
      "version": "1.0.0",
      "resolved": "http://registry.npm.taobao.org/isarray/download/isarray-1.0.0.tgz",
      "integrity": "sha512-VLghIWNM6ELQzo7zwmcg0NmTVyWKYjvIeM83yjp0wRDTmUnrM678fQbcKBo6n2CJEF0szoG//ytg+TKla89ALQ=="
    },
    "isobject": {
      "version": "3.0.1",
      "resolved": "http://registry.npm.taobao.org/isobject/download/isobject-3.0.1.tgz"
    },
    "make-error": {
      "version": "1.3.5",
      "resolved": "http://registry.npm.taobao.org/make-error/download/make-error-1.3.5.tgz",
      "integrity": "sha1-7+ToH22yjK3WBccPKcgxtY73dsg="
    },
    "make-error-cause": {
      "version": "1.2.2",
      "resolved": "http://registry.npm.taobao.org/make-error-cause/download/make-error-cause-1.2.2.tgz",
      "integrity": "sha1-3wOI/NCzeBbf8KX7gQiTl3fcvJ0=",
      "requires": {
        "make-error": "^1.2.0"
      }
    },
    "readable-stream": {
      "version": "2.3.6",
      "resolved": "http://registry.npm.taobao.org/readable-stream/download/readable-stream-2.3.6.tgz",
      "requires": {
        "core-util-is": "~1.0.0",
        "inherits": "~2.0.3",
        "isarray": "~1.0.0",
        "process-nextick-args": "~2.0.0",
        "safe-buffer": "~5.1.1",
        "string_decoder": "~1.1.1",
        "util-deprecate": "~1.0.1"
      },
      "dependencies": {
        "process-nextick-args": {
          "version": "2.0.0",
          "bundled": true
        }
      }
    },
    "safe-buffer": {
      "version": "5.1.2",
      "resolved": "http://registry.npm.taobao.org/safe-buffer/download/safe-buffer-5.1.2.tgz",
      "integrity": "sha512-Gd2UZBJDkXlY7GbJxfsE8/nvKkUEU1G38c1siN6QP6a9PT9MmHB8GnpscSmMJSoF8LOIrt8ud/wPtojys4G6+g=="
    },
    "source-map": {
      "version": "0.5.7",
      "resolved": "http://registry.npm.taobao.org/source-map/download/source-map-0.5.7.tgz",
      "integrity": "sha512-LbrmJOMUSdEVxIKvdcJzQC+nQhe8FUZQTXQy6+I75skNgn3OoQ0DZA8YnFa7gp8tqtL3KPf1kmo0R5DoApeSGQ=="
    },
    "sparkles": {
      "version": "1.0.1",
      "resolved": "http://registry.npm.taobao.org/sparkles/download/sparkles-1.0.1.tgz",
      "integrity": "sha1-AI22XtzmxQ7sDF4ijhlFBh3QQ3w="
    },
    "string_decoder": {
      "version": "1.1.1",
      "resolved": "http://registry.npm.taobao.org/string_decoder/download/string_decoder-1.1.1.tgz",
      "integrity": "sha1-nPFhG6YmhdcDCunkujQUnDrwP8g=",
      "requires": {
        "safe-buffer": "~5.1.0"
      }
    },
    "through2": {
      "version": "2.0.5",
      "resolved": "http://registry.npm.taobao.org/through2/download/through2-2.0.5.tgz",
      "integrity": "sha512-/mrRod8xqpA+IHSLyGCQ2s8SPHiCDEeQJSep1jqLYeEUClOFG2Qsh+4FU6G9VeqpZnGW/Su8LQGc4YKni5rYSQ==",
      "requires": {
        "readable-stream": "~2.3.6",
        "xtend": "~4.0.1"
      }
    },
    "uglify-js": {
      "version": "3.4.9",
      "resolved": "http://registry.npm.taobao.org/uglify-js/download/uglify-js-3.4.9.tgz",
      "integrity": "sha1-rwLxgMEgfXZDLkc+0koo9KeCuuM=",
      "requires": {
        "commander": "~2.17.1",
        "source-map": "~0.6.1"
      },
      "dependencies": {
        "source-map": {
          "version": "0.6.1",
          "resolved": "http://registry.npm.taobao.org/source-map/download/source-map-0.6.1.tgz",
          "integrity": "sha1-dHIq8y6WFOnCh6jQu95IteLxomM="
        }
      }
    },
    "util-deprecate": {
      "version": "1.0.2",
      "resolved": "http://registry.npm.taobao.org/util-deprecate/download/util-deprecate-1.0.2.tgz"
    },
    "vinyl-sourcemaps-apply": {
      "version": "0.2.1",
      "resolved": "http://registry.npm.taobao.org/vinyl-sourcemaps-apply/download/vinyl-sourcemaps-apply-0.2.1.tgz",
      "integrity": "sha1-q2VJ1h0XLCsbh75cUI0jnI74dwU=",
      "requires": {
        "source-map": "^0.5.1"
      }
    },
    "xtend": {
      "version": "4.0.1",
      "resolved": "http://registry.npm.taobao.org/xtend/download/xtend-4.0.1.tgz",
      "integrity": "sha512-iTwvhNBRetXWe81+VcIw5YeadVSWyze7uA7nVnpP13ulrpnJ3UfQm5ApGnrkmxDJFdrblRdZs0EvaTCIfei5oQ=="
    }
  }
}
